<Solution>
  <Folder Name="/Scripts/">
    <File Path="../../../OneDrive/Desktop/generarBase.sql" />
    <File Path="Scripts/DatosJugadores+Equipos.sql" />
  </Folder>
  <Project Path="Business/Business.csproj" />
  <Project Path="Data/Data.csproj" />
  <Project Path="Entities/Entities.csproj" />
  <Project Path="esports/esports.csproj" />
</Solution>
